
Microsoft Visual Studio Solution File, Format Version 12.00
# Visual Studio Version 16
VisualStudioVersion = 16.0.30907.101
MinimumVisualStudioVersion = 10.0.40219.1
Project("{FAE04EC0-301F-11D3-BF4B-00C04F79EFBC}") = "Wallet", "Wallet\Wallet.csproj", "{AD8B0A75-F36A-4CD8-9E05-70EFB08DC731}"
EndProject
Global
	GlobalSection(SolutionConfigurationPlatforms) = preSolution
		Debug|Any CPU = Debug|Any CPU
		Release|Any CPU = Release|Any CPU
	EndGlobalSection
	GlobalSection(ProjectConfigurationPlatforms) = postSolution
		{AD8B0A75-F36A-4CD8-9E05-70EFB08DC731}.Debug|Any CPU.ActiveCfg = Debug|Any CPU
		{AD8B0A75-F36A-4CD8-9E05-70EFB08DC731}.Debug|Any CPU.Build.0 = Debug|Any CPU
		{AD8B0A75-F36A-4CD8-9E05-70EFB08DC731}.Release|Any CPU.ActiveCfg = Release|Any CPU
		{AD8B0A75-F36A-4CD8-9E05-70EFB08DC731}.Release|Any CPU.Build.0 = Release|Any CPU
	EndGlobalSection
	GlobalSection(SolutionProperties) = preSolution
		HideSolutionNode = FALSE
	EndGlobalSection
	GlobalSection(ExtensibilityGlobals) = postSolution
		SolutionGuid = {41FE6221-A293-413F-9DD8-6B14FA8D89FC}
	EndGlobalSection
EndGlobal
